
Microsoft Visual Studio Solution File, Format Version 12.00
# Visual Studio 2013
VisualStudioVersion = 12.0.40629.0
MinimumVisualStudioVersion = 10.0.40219.1
Project("{FAE04EC0-301F-11D3-BF4B-00C04F79EFBC}") = "Common", "Common\Common.csproj", "{DC206E30-27F3-4A39-A4BF-7AAC221374E6}"
EndProject
Project("{FAE04EC0-301F-11D3-BF4B-00C04F79EFBC}") = "BLL", "BLL\BLL.csproj", "{78035F23-A977-419B-A681-30C46817A1B5}"
EndProject
Project("{FAE04EC0-301F-11D3-BF4B-00C04F79EFBC}") = "DAL", "DAL\DAL.csproj", "{4F272EC3-AFBB-4E25-9020-22698DE19186}"
EndProject
Project("{FAE04EC0-301F-11D3-BF4B-00C04F79EFBC}") = "EFModel", "EFModel\EFModel.csproj", "{8C6B2D83-9012-471D-977B-224B0F236838}"
EndProject
Project("{FAE04EC0-301F-11D3-BF4B-00C04F79EFBC}") = "IDAL", "IDAL\IDAL.csproj", "{69912847-0147-4C85-8825-836C3200BFDB}"
EndProject
Project("{FAE04EC0-301F-11D3-BF4B-00C04F79EFBC}") = "Doc", "Doc\Doc.csproj", "{70A7D36A-BAB3-4170-841C-120B48AE2CA7}"
EndProject
Project("{FAE04EC0-301F-11D3-BF4B-00C04F79EFBC}") = "UI", "UI\UI.csproj", "{B0CA864E-A5D0-4D5A-B993-C47394056ED0}"
EndProject
Project("{2150E333-8FDC-42A3-9474-1A3956D46DE8}") = ".nuget", ".nuget", "{B8BD2A51-1824-479A-AA16-E223B73AAD4E}"
	ProjectSection(SolutionItems) = preProject
		.nuget\NuGet.Config = .nuget\NuGet.Config
		.nuget\NuGet.exe = .nuget\NuGet.exe
		.nuget\NuGet.targets = .nuget\NuGet.targets
	EndProjectSection
EndProject
Project("{FAE04EC0-301F-11D3-BF4B-00C04F79EFBC}") = "Model", "Model\Model.csproj", "{6421687E-186B-41E9-A610-828FF68BC3C9}"
EndProject
Global
	GlobalSection(SolutionConfigurationPlatforms) = preSolution
		Debug|Any CPU = Debug|Any CPU
		Release|Any CPU = Release|Any CPU
		Test|Any CPU = Test|Any CPU
	EndGlobalSection
	GlobalSection(ProjectConfigurationPlatforms) = postSolution
		{DC206E30-27F3-4A39-A4BF-7AAC221374E6}.Debug|Any CPU.ActiveCfg = Debug|Any CPU
		{DC206E30-27F3-4A39-A4BF-7AAC221374E6}.Debug|Any CPU.Build.0 = Debug|Any CPU
		{DC206E30-27F3-4A39-A4BF-7AAC221374E6}.Release|Any CPU.ActiveCfg = Release|Any CPU
		{DC206E30-27F3-4A39-A4BF-7AAC221374E6}.Release|Any CPU.Build.0 = Release|Any CPU
		{DC206E30-27F3-4A39-A4BF-7AAC221374E6}.Test|Any CPU.ActiveCfg = Release|Any CPU
		{DC206E30-27F3-4A39-A4BF-7AAC221374E6}.Test|Any CPU.Build.0 = Release|Any CPU
		{78035F23-A977-419B-A681-30C46817A1B5}.Debug|Any CPU.ActiveCfg = Debug|Any CPU
		{78035F23-A977-419B-A681-30C46817A1B5}.Debug|Any CPU.Build.0 = Debug|Any CPU
		{78035F23-A977-419B-A681-30C46817A1B5}.Release|Any CPU.ActiveCfg = Release|Any CPU
		{78035F23-A977-419B-A681-30C46817A1B5}.Release|Any CPU.Build.0 = Release|Any CPU
		{78035F23-A977-419B-A681-30C46817A1B5}.Test|Any CPU.ActiveCfg = Release|Any CPU
		{78035F23-A977-419B-A681-30C46817A1B5}.Test|Any CPU.Build.0 = Release|Any CPU
		{4F272EC3-AFBB-4E25-9020-22698DE19186}.Debug|Any CPU.ActiveCfg = Debug|Any CPU
		{4F272EC3-AFBB-4E25-9020-22698DE19186}.Debug|Any CPU.Build.0 = Debug|Any CPU
		{4F272EC3-AFBB-4E25-9020-22698DE19186}.Release|Any CPU.ActiveCfg = Release|Any CPU
		{4F272EC3-AFBB-4E25-9020-22698DE19186}.Release|Any CPU.Build.0 = Release|Any CPU
		{4F272EC3-AFBB-4E25-9020-22698DE19186}.Test|Any CPU.ActiveCfg = Release|Any CPU
		{4F272EC3-AFBB-4E25-9020-22698DE19186}.Test|Any CPU.Build.0 = Release|Any CPU
		{8C6B2D83-9012-471D-977B-224B0F236838}.Debug|Any CPU.ActiveCfg = Debug|Any CPU
		{8C6B2D83-9012-471D-977B-224B0F236838}.Debug|Any CPU.Build.0 = Debug|Any CPU
		{8C6B2D83-9012-471D-977B-224B0F236838}.Release|Any CPU.ActiveCfg = Release|Any CPU
		{8C6B2D83-9012-471D-977B-224B0F236838}.Release|Any CPU.Build.0 = Release|Any CPU
		{8C6B2D83-9012-471D-977B-224B0F236838}.Test|Any CPU.ActiveCfg = Release|Any CPU
		{8C6B2D83-9012-471D-977B-224B0F236838}.Test|Any CPU.Build.0 = Release|Any CPU
		{69912847-0147-4C85-8825-836C3200BFDB}.Debug|Any CPU.ActiveCfg = Debug|Any CPU
		{69912847-0147-4C85-8825-836C3200BFDB}.Debug|Any CPU.Build.0 = Debug|Any CPU
		{69912847-0147-4C85-8825-836C3200BFDB}.Release|Any CPU.ActiveCfg = Release|Any CPU
		{69912847-0147-4C85-8825-836C3200BFDB}.Release|Any CPU.Build.0 = Release|Any CPU
		{69912847-0147-4C85-8825-836C3200BFDB}.Test|Any CPU.ActiveCfg = Release|Any CPU
		{69912847-0147-4C85-8825-836C3200BFDB}.Test|Any CPU.Build.0 = Release|Any CPU
		{70A7D36A-BAB3-4170-841C-120B48AE2CA7}.Debug|Any CPU.ActiveCfg = Debug|Any CPU
		{70A7D36A-BAB3-4170-841C-120B48AE2CA7}.Debug|Any CPU.Build.0 = Debug|Any CPU
		{70A7D36A-BAB3-4170-841C-120B48AE2CA7}.Release|Any CPU.ActiveCfg = Release|Any CPU
		{70A7D36A-BAB3-4170-841C-120B48AE2CA7}.Release|Any CPU.Build.0 = Release|Any CPU
		{70A7D36A-BAB3-4170-841C-120B48AE2CA7}.Test|Any CPU.ActiveCfg = Release|Any CPU
		{70A7D36A-BAB3-4170-841C-120B48AE2CA7}.Test|Any CPU.Build.0 = Release|Any CPU
		{B0CA864E-A5D0-4D5A-B993-C47394056ED0}.Debug|Any CPU.ActiveCfg = Debug|Any CPU
		{B0CA864E-A5D0-4D5A-B993-C47394056ED0}.Debug|Any CPU.Build.0 = Debug|Any CPU
		{B0CA864E-A5D0-4D5A-B993-C47394056ED0}.Release|Any CPU.ActiveCfg = Release|Any CPU
		{B0CA864E-A5D0-4D5A-B993-C47394056ED0}.Release|Any CPU.Build.0 = Release|Any CPU
		{B0CA864E-A5D0-4D5A-B993-C47394056ED0}.Test|Any CPU.ActiveCfg = Release|Any CPU
		{B0CA864E-A5D0-4D5A-B993-C47394056ED0}.Test|Any CPU.Build.0 = Release|Any CPU
		{6421687E-186B-41E9-A610-828FF68BC3C9}.Debug|Any CPU.ActiveCfg = Debug|Any CPU
		{6421687E-186B-41E9-A610-828FF68BC3C9}.Debug|Any CPU.Build.0 = Debug|Any CPU
		{6421687E-186B-41E9-A610-828FF68BC3C9}.Release|Any CPU.ActiveCfg = Release|Any CPU
		{6421687E-186B-41E9-A610-828FF68BC3C9}.Release|Any CPU.Build.0 = Release|Any CPU
		{6421687E-186B-41E9-A610-828FF68BC3C9}.Test|Any CPU.ActiveCfg = Release|Any CPU
		{6421687E-186B-41E9-A610-828FF68BC3C9}.Test|Any CPU.Build.0 = Release|Any CPU
	EndGlobalSection
	GlobalSection(SolutionProperties) = preSolution
		HideSolutionNode = FALSE
	EndGlobalSection
	GlobalSection(ExtensibilityGlobals) = postSolution
		SolutionGuid = {FDA51BBB-7035-45A5-838E-B8EAF2A425B3}
	EndGlobalSection
EndGlobal
